
Microsoft Visual Studio Solution File, Format Version 11.00
# Visual Studio 2010
Project("{FAE04EC0-301F-11D3-BF4B-00C04F79EFBC}") = "Golf Pads", "Assembly-CSharp.csproj", "{3E2DAA92-6CF7-4CDA-506D-5C41FB94CDD0}"
EndProject
Project("{FAE04EC0-301F-11D3-BF4B-00C04F79EFBC}") = "Golf Pads", "Assembly-CSharp-firstpass.csproj", "{A99E34BD-4116-EC15-50B8-E80870CB8828}"
EndProject
Project("{FAE04EC0-301F-11D3-BF4B-00C04F79EFBC}") = "Golf Pads", "Assembly-CSharp-Editor-firstpass.csproj", "{FA04F66E-021C-2E91-47B5-18A588307601}"
EndProject
Global
	GlobalSection(SolutionConfigurationPlatforms) = preSolution
		Debug|Any CPU = Debug|Any CPU
		Release|Any CPU = Release|Any CPU
	EndGlobalSection
	GlobalSection(ProjectConfigurationPlatforms) = postSolution
		{3E2DAA92-6CF7-4CDA-506D-5C41FB94CDD0}.Debug|Any CPU.ActiveCfg = Debug|Any CPU
		{3E2DAA92-6CF7-4CDA-506D-5C41FB94CDD0}.Debug|Any CPU.Build.0 = Debug|Any CPU
		{3E2DAA92-6CF7-4CDA-506D-5C41FB94CDD0}.Release|Any CPU.ActiveCfg = Release|Any CPU
		{3E2DAA92-6CF7-4CDA-506D-5C41FB94CDD0}.Release|Any CPU.Build.0 = Release|Any CPU
		{A99E34BD-4116-EC15-50B8-E80870CB8828}.Debug|Any CPU.ActiveCfg = Debug|Any CPU
		{A99E34BD-4116-EC15-50B8-E80870CB8828}.Debug|Any CPU.Build.0 = Debug|Any CPU
		{A99E34BD-4116-EC15-50B8-E80870CB8828}.Release|Any CPU.ActiveCfg = Release|Any CPU
		{A99E34BD-4116-EC15-50B8-E80870CB8828}.Release|Any CPU.Build.0 = Release|Any CPU
		{FA04F66E-021C-2E91-47B5-18A588307601}.Debug|Any CPU.ActiveCfg = Debug|Any CPU
		{FA04F66E-021C-2E91-47B5-18A588307601}.Debug|Any CPU.Build.0 = Debug|Any CPU
		{FA04F66E-021C-2E91-47B5-18A588307601}.Release|Any CPU.ActiveCfg = Release|Any CPU
		{FA04F66E-021C-2E91-47B5-18A588307601}.Release|Any CPU.Build.0 = Release|Any CPU
	EndGlobalSection
	GlobalSection(SolutionProperties) = preSolution
		HideSolutionNode = FALSE
	EndGlobalSection
	GlobalSection(MonoDevelopProperties) = preSolution
		StartupItem = Assembly-CSharp.csproj
	EndGlobalSection
EndGlobal
